
Microsoft Visual Studio Solution File, Format Version 12.00
# Visual Studio Version 16
VisualStudioVersion = 16.0.31410.357
MinimumVisualStudioVersion = 10.0.40219.1
Project("{FAE04EC0-301F-11D3-BF4B-00C04F79EFBC}") = "ShoutOut", "ShoutOut\ShoutOut.csproj", "{7EF6644A-EB4B-4D73-A9AD-338C3D092A07}"
EndProject
Global
	GlobalSection(SolutionConfigurationPlatforms) = preSolution
		Debug|Any CPU = Debug|Any CPU
		Release|Any CPU = Release|Any CPU
	EndGlobalSection
	GlobalSection(ProjectConfigurationPlatforms) = postSolution
		{7EF6644A-EB4B-4D73-A9AD-338C3D092A07}.Debug|Any CPU.ActiveCfg = Debug|Any CPU
		{7EF6644A-EB4B-4D73-A9AD-338C3D092A07}.Debug|Any CPU.Build.0 = Debug|Any CPU
		{7EF6644A-EB4B-4D73-A9AD-338C3D092A07}.Release|Any CPU.ActiveCfg = Release|Any CPU
		{7EF6644A-EB4B-4D73-A9AD-338C3D092A07}.Release|Any CPU.Build.0 = Release|Any CPU
	EndGlobalSection
	GlobalSection(SolutionProperties) = preSolution
		HideSolutionNode = FALSE
	EndGlobalSection
	GlobalSection(ExtensibilityGlobals) = postSolution
		SolutionGuid = {B1FCEF50-BC91-465F-9A0A-7D0FD7393601}
	EndGlobalSection
EndGlobal
